
Microsoft Visual Studio Solution File, Format Version 12.00
# Visual Studio Version 17
VisualStudioVersion = 17.6.33815.320
MinimumVisualStudioVersion = 10.0.40219.1
Project("{FAE04EC0-301F-11D3-BF4B-00C04F79EFBC}") = "PUBLICORG", "PUBLICORG\PUBLICORG.csproj", "{0553240B-3E8C-474F-A531-23C58E3C415B}"
EndProject
Global
	GlobalSection(SolutionConfigurationPlatforms) = preSolution
		Debug|Any CPU = Debug|Any CPU
		Release|Any CPU = Release|Any CPU
	EndGlobalSection
	GlobalSection(ProjectConfigurationPlatforms) = postSolution
		{0553240B-3E8C-474F-A531-23C58E3C415B}.Debug|Any CPU.ActiveCfg = Debug|Any CPU
		{0553240B-3E8C-474F-A531-23C58E3C415B}.Debug|Any CPU.Build.0 = Debug|Any CPU
		{0553240B-3E8C-474F-A531-23C58E3C415B}.Release|Any CPU.ActiveCfg = Release|Any CPU
		{0553240B-3E8C-474F-A531-23C58E3C415B}.Release|Any CPU.Build.0 = Release|Any CPU
	EndGlobalSection
	GlobalSection(SolutionProperties) = preSolution
		HideSolutionNode = FALSE
	EndGlobalSection
	GlobalSection(ExtensibilityGlobals) = postSolution
		SolutionGuid = {E1EEC17E-6966-4585-902E-2F699601D29C}
	EndGlobalSection
EndGlobal
